// !$*UTF8*$!
{
	archiveVersion = 1;
	classes = {
	};
	objectVersion = 46;
	objects = {

/* Begin PBXBuildFile section */
		FA2CA3851E8A558400F4A764 /* AppDelegate.swift in Sources */ = {isa = PBXBuildFile; fileRef = FA2CA3841E8A558400F4A764 /* AppDelegate.swift */; };
		FA2CA3871E8A558400F4A764 /* ViewController.swift in Sources */ = {isa = PBXBuildFile; fileRef = FA2CA3861E8A558400F4A764 /* ViewController.swift */; };
		FA2CA38A1E8A558400F4A764 /* Main.storyboard in Resources */ = {isa = PBXBuildFile; fileRef = FA2CA3881E8A558400F4A764 /* Main.storyboard */; };
		FA2CA38D1E8A558400F4A764 /* MyFitness.xcdatamodeld in Sources */ = {isa = PBXBuildFile; fileRef = FA2CA38B1E8A558400F4A764 /* MyFitness.xcdatamodeld */; };
		FA2CA38F1E8A558400F4A764 /* Assets.xcassets in Resources */ = {isa = PBXBuildFile; fileRef = FA2CA38E1E8A558400F4A764 /* Assets.xcassets */; };
		FA2CA3921E8A558400F4A764 /* LaunchScreen.storyboard in Resources */ = {isa = PBXBuildFile; fileRef = FA2CA3901E8A558400F4A764 /* LaunchScreen.storyboard */; };
		FA2CA39D1E8A558400F4A764 /* MyFitnessTests.swift in Sources */ = {isa = PBXBuildFile; fileRef = FA2CA39C1E8A558400F4A764 /* MyFitnessTests.swift */; };
		FA2CA3AB1E8A564700F4A764 /* Exercise+CoreDataClass.swift in Sources */ = {isa = PBXBuildFile; fileRef = FA2CA3A71E8A564700F4A764 /* Exercise+CoreDataClass.swift */; };
		FA2CA3AC1E8A564700F4A764 /* Exercise+CoreDataProperties.swift in Sources */ = {isa = PBXBuildFile; fileRef = FA2CA3A81E8A564700F4A764 /* Exercise+CoreDataProperties.swift */; };
		FA2CA3AD1E8A564700F4A764 /* Workout+CoreDataClass.swift in Sources */ = {isa = PBXBuildFile; fileRef = FA2CA3A91E8A564700F4A764 /* Workout+CoreDataClass.swift */; };
		FA2CA3AE1E8A564700F4A764 /* Workout+CoreDataProperties.swift in Sources */ = {isa = PBXBuildFile; fileRef = FA2CA3AA1E8A564700F4A764 /* Workout+CoreDataProperties.swift */; };
		FA2CA3B21E8A5D6E00F4A764 /* ExercisesTableViewController.swift in Sources */ = {isa = PBXBuildFile; fileRef = FA2CA3B11E8A5D6E00F4A764 /* ExercisesTableViewController.swift */; };
		FA2CA3B41E8A627300F4A764 /* DBController.swift in Sources */ = {isa = PBXBuildFile; fileRef = FA2CA3B31E8A627300F4A764 /* DBController.swift */; };
		FA2CA3B61E8A71A500F4A764 /* ExerciseTableViewCell.swift in Sources */ = {isa = PBXBuildFile; fileRef = FA2CA3B51E8A71A500F4A764 /* ExerciseTableViewCell.swift */; };
		FA2CA3B81E8BC18000F4A764 /* ExerciseViewController.swift in Sources */ = {isa = PBXBuildFile; fileRef = FA2CA3B71E8BC18000F4A764 /* ExerciseViewController.swift */; };
/* End PBXBuildFile section */

/* Begin PBXContainerItemProxy section */
		FA2CA3991E8A558400F4A764 /* PBXContainerItemProxy */ = {
			isa = PBXContainerItemProxy;
			containerPortal = FA2CA3791E8A558400F4A764 /* Project object */;
			proxyType = 1;
			remoteGlobalIDString = FA2CA3801E8A558400F4A764;
			remoteInfo = MyFitness;
		};
/* End PBXContainerItemProxy section */

/* Begin PBXFileReference section */
		FA2CA3811E8A558400F4A764 /* MyFitness.app */ = {isa = PBXFileReference; explicitFileType = wrapper.application; includeInIndex = 0; path = MyFitness.app; sourceTree = BUILT_PRODUCTS_DIR; };
		FA2CA3841E8A558400F4A764 /* AppDelegate.swift */ = {isa = PBXFileReference; lastKnownFileType = sourcecode.swift; path = AppDelegate.swift; sourceTree = "<group>"; };
		FA2CA3861E8A558400F4A764 /* ViewController.swift */ = {isa = PBXFileReference; lastKnownFileType = sourcecode.swift; path = ViewController.swift; sourceTree = "<group>"; };
		FA2CA3891E8A558400F4A764 /* Base */ = {isa = PBXFileReference; lastKnownFileType = file.storyboard; name = Base; path = Base.lproj/Main.storyboard; sourceTree = "<group>"; };
		FA2CA38C1E8A558400F4A764 /* MyFitness.xcdatamodel */ = {isa = PBXFileReference; lastKnownFileType = wrapper.xcdatamodel; path = MyFitness.xcdatamodel; sourceTree = "<group>"; };
		FA2CA38E1E8A558400F4A764 /* Assets.xcassets */ = {isa = PBXFileReference; lastKnownFileType = folder.assetcatalog; path = Assets.xcassets; sourceTree = "<group>"; };
		FA2CA3911E8A558400F4A764 /* Base */ = {isa = PBXFileReference; lastKnownFileType = file.storyboard; name = Base; path = Base.lproj/LaunchScreen.storyboard; sourceTree = "<group>"; };
		FA2CA3931E8A558400F4A764 /* Info.plist */ = {isa = PBXFileReference; lastKnownFileType = text.plist.xml; path = Info.plist; sourceTree = "<group>"; };
		FA2CA3981E8A558400F4A764 /* MyFitnessTests.xctest */ = {isa = PBXFileReference; explicitFileType = wrapper.cfbundle; includeInIndex = 0; path = MyFitnessTests.xctest; sourceTree = BUILT_PRODUCTS_DIR; };
		FA2CA39C1E8A558400F4A764 /* MyFitnessTests.swift */ = {isa = PBXFileReference; lastKnownFileType = sourcecode.swift; path = MyFitnessTests.swift; sourceTree = "<group>"; };
		FA2CA39E1E8A558400F4A764 /* Info.plist */ = {isa = PBXFileReference; lastKnownFileType = text.plist.xml; path = Info.plist; sourceTree = "<group>"; };
		FA2CA3A71E8A564700F4A764 /* Exercise+CoreDataClass.swift */ = {isa = PBXFileReference; fileEncoding = 4; lastKnownFileType = sourcecode.swift; path = "Exercise+CoreDataClass.swift"; sourceTree = "<group>"; };
		FA2CA3A81E8A564700F4A764 /* Exercise+CoreDataProperties.swift */ = {isa = PBXFileReference; fileEncoding = 4; lastKnownFileType = sourcecode.swift; path = "Exercise+CoreDataProperties.swift"; sourceTree = "<group>"; };
		FA2CA3A91E8A564700F4A764 /* Workout+CoreDataClass.swift */ = {isa = PBXFileReference; fileEncoding = 4; lastKnownFileType = sourcecode.swift; path = "Workout+CoreDataClass.swift"; sourceTree = "<group>"; };
		FA2CA3AA1E8A564700F4A764 /* Workout+CoreDataProperties.swift */ = {isa = PBXFileReference; fileEncoding = 4; lastKnownFileType = sourcecode.swift; path = "Workout+CoreDataProperties.swift"; sourceTree = "<group>"; };
		FA2CA3B11E8A5D6E00F4A764 /* ExercisesTableViewController.swift */ = {isa = PBXFileReference; fileEncoding = 4; lastKnownFileType = sourcecode.swift; path = ExercisesTableViewController.swift; sourceTree = "<group>"; };
		FA2CA3B31E8A627300F4A764 /* DBController.swift */ = {isa = PBXFileReference; fileEncoding = 4; lastKnownFileType = sourcecode.swift; path = DBController.swift; sourceTree = "<group>"; };
		FA2CA3B51E8A71A500F4A764 /* ExerciseTableViewCell.swift */ = {isa = PBXFileReference; fileEncoding = 4; lastKnownFileType = sourcecode.swift; path = ExerciseTableViewCell.swift; sourceTree = "<group>"; };
		FA2CA3B71E8BC18000F4A764 /* ExerciseViewController.swift */ = {isa = PBXFileReference; fileEncoding = 4; lastKnownFileType = sourcecode.swift; path = ExerciseViewController.swift; sourceTree = "<group>"; };
/* End PBXFileReference section */

/* Begin PBXFrameworksBuildPhase section */
		FA2CA37E1E8A558400F4A764 /* Frameworks */ = {
			isa = PBXFrameworksBuildPhase;
			buildActionMask = 2147483647;
			files = (
			);
			runOnlyForDeploymentPostprocessing = 0;
		};
		FA2CA3951E8A558400F4A764 /* Frameworks */ = {
			isa = PBXFrameworksBuildPhase;
			buildActionMask = 2147483647;
			files = (
			);
			runOnlyForDeploymentPostprocessing = 0;
		};
/* End PBXFrameworksBuildPhase section */

/* Begin PBXGroup section */
		FA2CA3781E8A558400F4A764 = {
			isa = PBXGroup;
			children = (
				FA2CA3831E8A558400F4A764 /* MyFitness */,
				FA2CA39B1E8A558400F4A764 /* MyFitnessTests */,
				FA2CA3821E8A558400F4A764 /* Products */,
			);
			sourceTree = "<group>";
		};
		FA2CA3821E8A558400F4A764 /* Products */ = {
			isa = PBXGroup;
			children = (
				FA2CA3811E8A558400F4A764 /* MyFitness.app */,
				FA2CA3981E8A558400F4A764 /* MyFitnessTests.xctest */,
			);
			name = Products;
			sourceTree = "<group>";
		};
		FA2CA3831E8A558400F4A764 /* MyFitness */ = {
			isa = PBXGroup;
			children = (
				FA2CA3B31E8A627300F4A764 /* DBController.swift */,
				FA2CA3861E8A558400F4A764 /* ViewController.swift */,
				FA2CA3B11E8A5D6E00F4A764 /* ExercisesTableViewController.swift */,
				FA2CA3B71E8BC18000F4A764 /* ExerciseViewController.swift */,
				FA2CA3B51E8A71A500F4A764 /* ExerciseTableViewCell.swift */,
				FA2CA3AF1E8A56BD00F4A764 /* Models */,
				FA2CA3881E8A558400F4A764 /* Main.storyboard */,
				FA2CA3B01E8A56DB00F4A764 /* SupportFiles */,
				FA2CA38B1E8A558400F4A764 /* MyFitness.xcdatamodeld */,
				FA2CA3841E8A558400F4A764 /* AppDelegate.swift */,
			);
			path = MyFitness;
			sourceTree = "<group>";
		};
		FA2CA39B1E8A558400F4A764 /* MyFitnessTests */ = {
			isa = PBXGroup;
			children = (
				FA2CA39C1E8A558400F4A764 /* MyFitnessTests.swift */,
				FA2CA39E1E8A558400F4A764 /* Info.plist */,
			);
			path = MyFitnessTests;
			sourceTree = "<group>";
		};
		FA2CA3AF1E8A56BD00F4A764 /* Models */ = {
			isa = PBXGroup;
			children = (
				FA2CA3A71E8A564700F4A764 /* Exercise+CoreDataClass.swift */,
				FA2CA3A81E8A564700F4A764 /* Exercise+CoreDataProperties.swift */,
				FA2CA3A91E8A564700F4A764 /* Workout+CoreDataClass.swift */,
				FA2CA3AA1E8A564700F4A764 /* Workout+CoreDataProperties.swift */,
			);
			name = Models;
			path = ..;
			sourceTree = "<group>";
		};
		FA2CA3B01E8A56DB00F4A764 /* SupportFiles */ = {
			isa = PBXGroup;
			children = (
				FA2CA38E1E8A558400F4A764 /* Assets.xcassets */,
				FA2CA3901E8A558400F4A764 /* LaunchScreen.storyboard */,
				FA2CA3931E8A558400F4A764 /* Info.plist */,
			);
			name = SupportFiles;
			sourceTree = "<group>";
		};
/* End PBXGroup section */

/* Begin PBXNativeTarget section */
		FA2CA3801E8A558400F4A764 /* MyFitness */ = {
			isa = PBXNativeTarget;
			buildConfigurationList = FA2CA3A11E8A558400F4A764 /* Build configuration list for PBXNativeTarget "MyFitness" */;
			buildPhases = (
				FA2CA37D1E8A558400F4A764 /* Sources */,
				FA2CA37E1E8A558400F4A764 /* Frameworks */,
				FA2CA37F1E8A558400F4A764 /* Resources */,
			);
			buildRules = (
			);
			dependencies = (
			);
			name = MyFitness;
			productName = MyFitness;
			productReference = FA2CA3811E8A558400F4A764 /* MyFitness.app */;
			productType = "com.apple.product-type.application";
		};
		FA2CA3971E8A558400F4A764 /* MyFitnessTests */ = {
			isa = PBXNativeTarget;
			buildConfigurationList = FA2CA3A41E8A558400F4A764 /* Build configuration list for PBXNativeTarget "MyFitnessTests" */;
			buildPhases = (
				FA2CA3941E8A558400F4A764 /* Sources */,
				FA2CA3951E8A558400F4A764 /* Frameworks */,
				FA2CA3961E8A558400F4A764 /* Resources */,
			);
			buildRules = (
			);
			dependencies = (
				FA2CA39A1E8A558400F4A764 /* PBXTargetDependency */,
			);
			name = MyFitnessTests;
			productName = MyFitnessTests;
			productReference = FA2CA3981E8A558400F4A764 /* MyFitnessTests.xctest */;
			productType = "com.apple.product-type.bundle.unit-test";
		};
/* End PBXNativeTarget section */

/* Begin PBXProject section */
		FA2CA3791E8A558400F4A764 /* Project object */ = {
			isa = PBXProject;
			attributes = {
				LastSwiftUpdateCheck = 0820;
				LastUpgradeCheck = 0820;
				ORGANIZATIONNAME = Alex;
				TargetAttributes = {
					FA2CA3801E8A558400F4A764 = {
						CreatedOnToolsVersion = 8.2.1;
						DevelopmentTeam = U82HHC4W2Q;
						ProvisioningStyle = Automatic;
					};
					FA2CA3971E8A558400F4A764 = {
						CreatedOnToolsVersion = 8.2.1;
						DevelopmentTeam = U82HHC4W2Q;
						ProvisioningStyle = Automatic;
						TestTargetID = FA2CA3801E8A558400F4A764;
					};
				};
			};
			buildConfigurationList = FA2CA37C1E8A558400F4A764 /* Build configuration list for PBXProject "MyFitness" */;
			compatibilityVersion = "Xcode 3.2";
			developmentRegion = English;
			hasScannedForEncodings = 0;
			knownRegions = (
				en,
				Base,
			);
			mainGroup = FA2CA3781E8A558400F4A764;
			productRefGroup = FA2CA3821E8A558400F4A764 /* Products */;
			projectDirPath = "";
			projectRoot = "";
			targets = (
				FA2CA3801E8A558400F4A764 /* MyFitness */,
				FA2CA3971E8A558400F4A764 /* MyFitnessTests */,
			);
		};
/* End PBXProject section */

/* Begin PBXResourcesBuildPhase section */
		FA2CA37F1E8A558400F4A764 /* Resources */ = {
			isa = PBXResourcesBuildPhase;
			buildActionMask = 2147483647;
			files = (
				FA2CA3921E8A558400F4A764 /* LaunchScreen.storyboard in Resources */,
				FA2CA38F1E8A558400F4A764 /* Assets.xcassets in Resources */,
				FA2CA38A1E8A558400F4A764 /* Main.storyboard in Resources */,
			);
			runOnlyForDeploymentPostprocessing = 0;
		};
		FA2CA3961E8A558400F4A764 /* Resources */ = {
			isa = PBXResourcesBuildPhase;
			buildActionMask = 2147483647;
			files = (
			);
			runOnlyForDeploymentPostprocessing = 0;
		};
/* End PBXResourcesBuildPhase section */

/* Begin PBXSourcesBuildPhase section */
		FA2CA37D1E8A558400F4A764 /* Sources */ = {
			isa = PBXSourcesBuildPhase;
			buildActionMask = 2147483647;
			files = (
				FA2CA3871E8A558400F4A764 /* ViewController.swift in Sources */,
				FA2CA3B61E8A71A500F4A764 /* ExerciseTableViewCell.swift in Sources */,
				FA2CA3B81E8BC18000F4A764 /* ExerciseViewController.swift in Sources */,
				FA2CA3AD1E8A564700F4A764 /* Workout+CoreDataClass.swift in Sources */,
				FA2CA3B41E8A627300F4A764 /* DBController.swift in Sources */,
				FA2CA38D1E8A558400F4A764 /* MyFitness.xcdatamodeld in Sources */,
				FA2CA3B21E8A5D6E00F4A764 /* ExercisesTableViewController.swift in Sources */,
				FA2CA3AC1E8A564700F4A764 /* Exercise+CoreDataProperties.swift in Sources */,
				FA2CA3AE1E8A564700F4A764 /* Workout+CoreDataProperties.swift in Sources */,
				FA2CA3851E8A558400F4A764 /* AppDelegate.swift in Sources */,
				FA2CA3AB1E8A564700F4A764 /* Exercise+CoreDataClass.swift in Sources */,
			);
			runOnlyForDeploymentPostprocessing = 0;
		};
		FA2CA3941E8A558400F4A764 /* Sources */ = {
			isa = PBXSourcesBuildPhase;
			buildActionMask = 2147483647;
			files = (
				FA2CA39D1E8A558400F4A764 /* MyFitnessTests.swift in Sources */,
			);
			runOnlyForDeploymentPostprocessing = 0;
		};
/* End PBXSourcesBuildPhase section */

/* Begin PBXTargetDependency section */
		FA2CA39A1E8A558400F4A764 /* PBXTargetDependency */ = {
			isa = PBXTargetDependency;
			target = FA2CA3801E8A558400F4A764 /* MyFitness */;
			targetProxy = FA2CA3991E8A558400F4A764 /* PBXContainerItemProxy */;
		};
/* End PBXTargetDependency section */

/* Begin PBXVariantGroup section */
		FA2CA3881E8A558400F4A764 /* Main.storyboard */ = {
			isa = PBXVariantGroup;
			children = (
				FA2CA3891E8A558400F4A764 /* Base */,
			);
			name = Main.storyboard;
			sourceTree = "<group>";
		};
		FA2CA3901E8A558400F4A764 /* LaunchScreen.storyboard */ = {
			isa = PBXVariantGroup;
			children = (
				FA2CA3911E8A558400F4A764 /* Base */,
			);
			name = LaunchScreen.storyboard;
			sourceTree = "<group>";
		};
/* End PBXVariantGroup section */

/* Begin XCBuildConfiguration section */
		FA2CA39F1E8A558400F4A764 /* Debug */ = {
			isa = XCBuildConfiguration;
			buildSettings = {
				ALWAYS_SEARCH_USER_PATHS = NO;
				CLANG_ANALYZER_NONNULL = YES;
				CLANG_CXX_LANGUAGE_STANDARD = "gnu++0x";
				CLANG_CXX_LIBRARY = "libc++";
				CLANG_ENABLE_MODULES = YES;
				CLANG_ENABLE_OBJC_ARC = YES;
				CLANG_WARN_BOOL_CONVERSION = YES;
				CLANG_WARN_CONSTANT_CONVERSION = YES;
				CLANG_WARN_DIRECT_OBJC_ISA_USAGE = YES_ERROR;
				CLANG_WARN_DOCUMENTATION_COMMENTS = YES;
				CLANG_WARN_EMPTY_BODY = YES;
				CLANG_WARN_ENUM_CONVERSION = YES;
				CLANG_WARN_INFINITE_RECURSION = YES;
				CLANG_WARN_INT_CONVERSION = YES;
				CLANG_WARN_OBJC_ROOT_CLASS = YES_ERROR;
				CLANG_WARN_SUSPICIOUS_MOVE = YES;
				CLANG_WARN_UNREACHABLE_CODE = YES;
				CLANG_WARN__DUPLICATE_METHOD_MATCH = YES;
				"CODE_SIGN_IDENTITY[sdk=iphoneos*]" = "iPhone Developer";
				COPY_PHASE_STRIP = NO;
				DEBUG_INFORMATION_FORMAT = dwarf;
				ENABLE_STRICT_OBJC_MSGSEND = YES;
				ENABLE_TESTABILITY = YES;
				GCC_C_LANGUAGE_STANDARD = gnu99;
				GCC_DYNAMIC_NO_PIC = NO;
				GCC_NO_COMMON_BLOCKS = YES;
				GCC_OPTIMIZATION_LEVEL = 0;
				GCC_PREPROCESSOR_DEFINITIONS = (
					"DEBUG=1",
					"$(inherited)",
				);
				GCC_WARN_64_TO_32_BIT_CONVERSION = YES;
				GCC_WARN_ABOUT_RETURN_TYPE = YES_ERROR;
				GCC_WARN_UNDECLARED_SELECTOR = YES;
				GCC_WARN_UNINITIALIZED_AUTOS = YES_AGGRESSIVE;
				GCC_WARN_UNUSED_FUNCTION = YES;
				GCC_WARN_UNUSED_VARIABLE = YES;
				IPHONEOS_DEPLOYMENT_TARGET = 10.2;
				MTL_ENABLE_DEBUG_INFO = YES;
				ONLY_ACTIVE_ARCH = YES;
				SDKROOT = iphoneos;
				SWIFT_ACTIVE_COMPILATION_CONDITIONS = DEBUG;
				SWIFT_OPTIMIZATION_LEVEL = "-Onone";
				TARGETED_DEVICE_FAMILY = "1,2";
			};
			name = Debug;
		};
		FA2CA3A01E8A558400F4A764 /* Release */ = {
			isa = XCBuildConfiguration;
			buildSettings = {
				ALWAYS_SEARCH_USER_PATHS = NO;
				CLANG_ANALYZER_NONNULL = YES;
				CLANG_CXX_LANGUAGE_STANDARD = "gnu++0x";
				CLANG_CXX_LIBRARY = "libc++";
				CLANG_ENABLE_MODULES = YES;
				CLANG_ENABLE_OBJC_ARC = YES;
				CLANG_WARN_BOOL_CONVERSION = YES;
				CLANG_WARN_CONSTANT_CONVERSION = YES;
				CLANG_WARN_DIRECT_OBJC_ISA_USAGE = YES_ERROR;
				CLANG_WARN_DOCUMENTATION_COMMENTS = YES;
				CLANG_WARN_EMPTY_BODY = YES;
				CLANG_WARN_ENUM_CONVERSION = YES;
				CLANG_WARN_INFINITE_RECURSION = YES;
				CLANG_WARN_INT_CONVERSION = YES;
				CLANG_WARN_OBJC_ROOT_CLASS = YES_ERROR;
				CLANG_WARN_SUSPICIOUS_MOVE = YES;
				CLANG_WARN_UNREACHABLE_CODE = YES;
				CLANG_WARN__DUPLICATE_METHOD_MATCH = YES;
				"CODE_SIGN_IDENTITY[sdk=iphoneos*]" = "iPhone Developer";
				COPY_PHASE_STRIP = NO;
				DEBUG_INFORMATION_FORMAT = "dwarf-with-dsym";
				ENABLE_NS_ASSERTIONS = NO;
				ENABLE_STRICT_OBJC_MSGSEND = YES;
				GCC_C_LANGUAGE_STANDARD = gnu99;
				GCC_NO_COMMON_BLOCKS = YES;
				GCC_WARN_64_TO_32_BIT_CONVERSION = YES;
				GCC_WARN_ABOUT_RETURN_TYPE = YES_ERROR;
				GCC_WARN_UNDECLARED_SELECTOR = YES;
				GCC_WARN_UNINITIALIZED_AUTOS = YES_AGGRESSIVE;
				GCC_WARN_UNUSED_FUNCTION = YES;
				GCC_WARN_UNUSED_VARIABLE = YES;
				IPHONEOS_DEPLOYMENT_TARGET = 10.2;
				MTL_ENABLE_DEBUG_INFO = NO;
				SDKROOT = iphoneos;
				SWIFT_OPTIMIZATION_LEVEL = "-Owholemodule";
				TARGETED_DEVICE_FAMILY = "1,2";
				VALIDATE_PRODUCT = YES;
			};
			name = Release;
		};
		FA2CA3A21E8A558400F4A764 /* Debug */ = {
			isa = XCBuildConfiguration;
			buildSettings = {
				ASSETCATALOG_COMPILER_APPICON_NAME = AppIcon;
				DEVELOPMENT_TEAM = U82HHC4W2Q;
				INFOPLIST_FILE = MyFitness/Info.plist;
				LD_RUNPATH_SEARCH_PATHS = "$(inherited) @executable_path/Frameworks";
				PRODUCT_BUNDLE_IDENTIFIER = com.practice.MyFitness;
				PRODUCT_NAME = "$(TARGET_NAME)";
				SWIFT_VERSION = 3.0;
			};
			name = Debug;
		};
		FA2CA3A31E8A558400F4A764 /* Release */ = {
			isa = XCBuildConfiguration;
			buildSettings = {
				ASSETCATALOG_COMPILER_APPICON_NAME = AppIcon;
				DEVELOPMENT_TEAM = U82HHC4W2Q;
				INFOPLIST_FILE = MyFitness/Info.plist;
				LD_RUNPATH_SEARCH_PATHS = "$(inherited) @executable_path/Frameworks";
				PRODUCT_BUNDLE_IDENTIFIER = com.practice.MyFitness;
				PRODUCT_NAME = "$(TARGET_NAME)";
				SWIFT_VERSION = 3.0;
			};
			name = Release;
		};
		FA2CA3A51E8A558400F4A764 /* Debug */ = {
			isa = XCBuildConfiguration;
			buildSettings = {
				ALWAYS_EMBED_SWIFT_STANDARD_LIBRARIES = YES;
				BUNDLE_LOADER = "$(TEST_HOST)";
				DEVELOPMENT_TEAM = U82HHC4W2Q;
				INFOPLIST_FILE = MyFitnessTests/Info.plist;
				LD_RUNPATH_SEARCH_PATHS = "$(inherited) @executable_path/Frameworks @loader_path/Frameworks";
				PRODUCT_BUNDLE_IDENTIFIER = com.practice.MyFitnessTests;
				PRODUCT_NAME = "$(TARGET_NAME)";
				SWIFT_VERSION = 3.0;
				TEST_HOST = "$(BUILT_PRODUCTS_DIR)/MyFitness.app/MyFitness";
			};
			name = Debug;
		};
		FA2CA3A61E8A558400F4A764 /* Release */ = {
			isa = XCBuildConfiguration;
			buildSettings = {
				ALWAYS_EMBED_SWIFT_STANDARD_LIBRARIES = YES;
				BUNDLE_LOADER = "$(TEST_HOST)";
				DEVELOPMENT_TEAM = U82HHC4W2Q;
				INFOPLIST_FILE = MyFitnessTests/Info.plist;
				LD_RUNPATH_SEARCH_PATHS = "$(inherited) @executable_path/Frameworks @loader_path/Frameworks";
				PRODUCT_BUNDLE_IDENTIFIER = com.practice.MyFitnessTests;
				PRODUCT_NAME = "$(TARGET_NAME)";
				SWIFT_VERSION = 3.0;
				TEST_HOST = "$(BUILT_PRODUCTS_DIR)/MyFitness.app/MyFitness";
			};
			name = Release;
		};
/* End XCBuildConfiguration section */

/* Begin XCConfigurationList section */
		FA2CA37C1E8A558400F4A764 /* Build configuration list for PBXProject "MyFitness" */ = {
			isa = XCConfigurationList;
			buildConfigurations = (
				FA2CA39F1E8A558400F4A764 /* Debug */,
				FA2CA3A01E8A558400F4A764 /* Release */,
			);
			defaultConfigurationIsVisible = 0;
			defaultConfigurationName = Release;
		};
		FA2CA3A11E8A558400F4A764 /* Build configuration list for PBXNativeTarget "MyFitness" */ = {
			isa = XCConfigurationList;
			buildConfigurations = (
				FA2CA3A21E8A558400F4A764 /* Debug */,
				FA2CA3A31E8A558400F4A764 /* Release */,
			);
			defaultConfigurationIsVisible = 0;
		};
		FA2CA3A41E8A558400F4A764 /* Build configuration list for PBXNativeTarget "MyFitnessTests" */ = {
			isa = XCConfigurationList;
			buildConfigurations = (
				FA2CA3A51E8A558400F4A764 /* Debug */,
				FA2CA3A61E8A558400F4A764 /* Release */,
			);
			defaultConfigurationIsVisible = 0;
		};
/* End XCConfigurationList section */

/* Begin XCVersionGroup section */
		FA2CA38B1E8A558400F4A764 /* MyFitness.xcdatamodeld */ = {
			isa = XCVersionGroup;
			children = (
				FA2CA38C1E8A558400F4A764 /* MyFitness.xcdatamodel */,
			);
			currentVersion = FA2CA38C1E8A558400F4A764 /* MyFitness.xcdatamodel */;
			path = MyFitness.xcdatamodeld;
			sourceTree = "<group>";
			versionGroupType = wrapper.xcdatamodel;
		};
/* End XCVersionGroup section */
	};
	rootObject = FA2CA3791E8A558400F4A764 /* Project object */;
}
